
Microsoft Visual Studio Solution File, Format Version 12.00
# Visual Studio Version 17
VisualStudioVersion = 17.14.37216.2
MinimumVisualStudioVersion = 10.0.40219.1
Project("{FAE04EC0-301F-11D3-BF4B-00C04F79EFBC}") = "laaaaabbbbbb55555", "laaaaabbbbbb55555\laaaaabbbbbb55555.csproj", "{D20DBDD9-1432-491D-A542-1F3ACD932969}"
EndProject
Project("{FAE04EC0-301F-11D3-BF4B-00C04F79EFBC}") = "MyProject.UnitTests", "MyProject.UnitTests\MyProject.UnitTests.csproj", "{BFBA8519-6A67-4C24-A5BA-F39EEA1FF677}"
EndProject
Project("{FAE04EC0-301F-11D3-BF4B-00C04F79EFBC}") = "MyProject.E2ETests", "MyProject.E2ETests\MyProject.E2ETests.csproj", "{726A9898-A695-4B36-A6E5-21D49B1DA0DE}"
EndProject
Project("{2150E333-8FDC-42A3-9474-1A3956D46DE8}") = "Solution Items", "Solution Items", "{8EC462FD-D22E-90A8-E5CE-7E832BA40C5D}"
	ProjectSection(SolutionItems) = preProject
		.gitignore = .gitignore
	EndProjectSection
EndProject
Project("{2150E333-8FDC-42A3-9474-1A3956D46DE8}") = ".github", ".github", "{02EA681E-C7D8-13C7-8484-4AC65E1B71E8}"
EndProject
Project("{2150E333-8FDC-42A3-9474-1A3956D46DE8}") = "workflows", "workflows", "{5CEF0FA4-33A4-40B5-B7B7-246DD8C5939E}"
	ProjectSection(SolutionItems) = preProject
		dotnet-ci.yml = dotnet-ci.yml
	EndProjectSection
EndProject
Global
	GlobalSection(SolutionConfigurationPlatforms) = preSolution
		Debug|Any CPU = Debug|Any CPU
		Release|Any CPU = Release|Any CPU
	EndGlobalSection
	GlobalSection(ProjectConfigurationPlatforms) = postSolution
		{D20DBDD9-1432-491D-A542-1F3ACD932969}.Debug|Any CPU.ActiveCfg = Debug|Any CPU
		{D20DBDD9-1432-491D-A542-1F3ACD932969}.Debug|Any CPU.Build.0 = Debug|Any CPU
		{D20DBDD9-1432-491D-A542-1F3ACD932969}.Release|Any CPU.ActiveCfg = Release|Any CPU
		{D20DBDD9-1432-491D-A542-1F3ACD932969}.Release|Any CPU.Build.0 = Release|Any CPU
		{BFBA8519-6A67-4C24-A5BA-F39EEA1FF677}.Debug|Any CPU.ActiveCfg = Debug|Any CPU
		{BFBA8519-6A67-4C24-A5BA-F39EEA1FF677}.Debug|Any CPU.Build.0 = Debug|Any CPU
		{BFBA8519-6A67-4C24-A5BA-F39EEA1FF677}.Release|Any CPU.ActiveCfg = Release|Any CPU
		{BFBA8519-6A67-4C24-A5BA-F39EEA1FF677}.Release|Any CPU.Build.0 = Release|Any CPU
		{726A9898-A695-4B36-A6E5-21D49B1DA0DE}.Debug|Any CPU.ActiveCfg = Debug|Any CPU
		{726A9898-A695-4B36-A6E5-21D49B1DA0DE}.Debug|Any CPU.Build.0 = Debug|Any CPU
		{726A9898-A695-4B36-A6E5-21D49B1DA0DE}.Release|Any CPU.ActiveCfg = Release|Any CPU
		{726A9898-A695-4B36-A6E5-21D49B1DA0DE}.Release|Any CPU.Build.0 = Release|Any CPU
	EndGlobalSection
	GlobalSection(SolutionProperties) = preSolution
		HideSolutionNode = FALSE
	EndGlobalSection
	GlobalSection(NestedProjects) = preSolution
		{5CEF0FA4-33A4-40B5-B7B7-246DD8C5939E} = {02EA681E-C7D8-13C7-8484-4AC65E1B71E8}
	EndGlobalSection
	GlobalSection(ExtensibilityGlobals) = postSolution
		SolutionGuid = {8B5934DC-9539-4895-A4B6-B2F4D57C20BC}
	EndGlobalSection
EndGlobal
